
Microsoft Visual Studio Solution File, Format Version 12.00
# Visual Studio Version 16
VisualStudioVersion = 16.0.30011.22
MinimumVisualStudioVersion = 10.0.40219.1
Project("{FAE04EC0-301F-11D3-BF4B-00C04F79EFBC}") = "EducationCode", "EducationCode\EducationCode.csproj", "{C930AB37-3790-4564-BE45-694155210338}"
EndProject
Global
	GlobalSection(SolutionConfigurationPlatforms) = preSolution
		Debug|Any CPU = Debug|Any CPU
		Release|Any CPU = Release|Any CPU
	EndGlobalSection
	GlobalSection(ProjectConfigurationPlatforms) = postSolution
		{C930AB37-3790-4564-BE45-694155210338}.Debug|Any CPU.ActiveCfg = Debug|Any CPU
		{C930AB37-3790-4564-BE45-694155210338}.Debug|Any CPU.Build.0 = Debug|Any CPU
		{C930AB37-3790-4564-BE45-694155210338}.Release|Any CPU.ActiveCfg = Release|Any CPU
		{C930AB37-3790-4564-BE45-694155210338}.Release|Any CPU.Build.0 = Release|Any CPU
	EndGlobalSection
	GlobalSection(SolutionProperties) = preSolution
		HideSolutionNode = FALSE
	EndGlobalSection
	GlobalSection(ExtensibilityGlobals) = postSolution
		SolutionGuid = {A196115D-F66E-4373-BDE0-EC460EE11A2D}
	EndGlobalSection
EndGlobal
